
Microsoft Visual Studio Solution File, Format Version 12.00
# Visual Studio Version 16
VisualStudioVersion = 16.0.32126.315
MinimumVisualStudioVersion = 10.0.40219.1
Project("{FAE04EC0-301F-11D3-BF4B-00C04F79EFBC}") = "stud", "stud\stud.csproj", "{1A4F64F1-CB51-425C-8278-F0ABD4F5FBDE}"
EndProject
Global
	GlobalSection(SolutionConfigurationPlatforms) = preSolution
		Debug|Any CPU = Debug|Any CPU
		Release|Any CPU = Release|Any CPU
	EndGlobalSection
	GlobalSection(ProjectConfigurationPlatforms) = postSolution
		{1A4F64F1-CB51-425C-8278-F0ABD4F5FBDE}.Debug|Any CPU.ActiveCfg = Debug|Any CPU
		{1A4F64F1-CB51-425C-8278-F0ABD4F5FBDE}.Debug|Any CPU.Build.0 = Debug|Any CPU
		{1A4F64F1-CB51-425C-8278-F0ABD4F5FBDE}.Release|Any CPU.ActiveCfg = Release|Any CPU
		{1A4F64F1-CB51-425C-8278-F0ABD4F5FBDE}.Release|Any CPU.Build.0 = Release|Any CPU
	EndGlobalSection
	GlobalSection(SolutionProperties) = preSolution
		HideSolutionNode = FALSE
	EndGlobalSection
	GlobalSection(ExtensibilityGlobals) = postSolution
		SolutionGuid = {819B8422-B45F-4858-8E49-BCD5D9718CB0}
	EndGlobalSection
EndGlobal
